
Microsoft Visual Studio Solution File, Format Version 12.00
# Visual Studio Version 17
VisualStudioVersion = 17.8.34525.116
MinimumVisualStudioVersion = 10.0.40219.1
Project("{8BC9CEB8-8B4A-11D0-8D11-00A0C91BC942}") = "Lagrange Interpolation", "Lagrange Interpolation\Lagrange Interpolation.vcxproj", "{110222D1-5E1F-440B-BBFB-65D950A9EBC0}"
EndProject
Global
	GlobalSection(SolutionConfigurationPlatforms) = preSolution
		Debug|x64 = Debug|x64
		Debug|x86 = Debug|x86
		Release|x64 = Release|x64
		Release|x86 = Release|x86
	EndGlobalSection
	GlobalSection(ProjectConfigurationPlatforms) = postSolution
		{110222D1-5E1F-440B-BBFB-65D950A9EBC0}.Debug|x64.ActiveCfg = Debug|x64
		{110222D1-5E1F-440B-BBFB-65D950A9EBC0}.Debug|x64.Build.0 = Debug|x64
		{110222D1-5E1F-440B-BBFB-65D950A9EBC0}.Debug|x86.ActiveCfg = Debug|Win32
		{110222D1-5E1F-440B-BBFB-65D950A9EBC0}.Debug|x86.Build.0 = Debug|Win32
		{110222D1-5E1F-440B-BBFB-65D950A9EBC0}.Release|x64.ActiveCfg = Release|x64
		{110222D1-5E1F-440B-BBFB-65D950A9EBC0}.Release|x64.Build.0 = Release|x64
		{110222D1-5E1F-440B-BBFB-65D950A9EBC0}.Release|x86.ActiveCfg = Release|Win32
		{110222D1-5E1F-440B-BBFB-65D950A9EBC0}.Release|x86.Build.0 = Release|Win32
	EndGlobalSection
	GlobalSection(SolutionProperties) = preSolution
		HideSolutionNode = FALSE
	EndGlobalSection
	GlobalSection(ExtensibilityGlobals) = postSolution
		SolutionGuid = {34BB2A73-EF8E-488B-BD3F-BE7D318C993E}
	EndGlobalSection
EndGlobal
